
Microsoft Visual Studio Solution File, Format Version 12.00
# Visual Studio Version 17
VisualStudioVersion = 17.9.34728.123
MinimumVisualStudioVersion = 10.0.40219.1
Project("{FAE04EC0-301F-11D3-BF4B-00C04F79EFBC}") = "Exercise2", "Exercise2.csproj", "{8A064898-75BC-4006-B871-78CBA8C074F8}"
EndProject
Global
	GlobalSection(SolutionConfigurationPlatforms) = preSolution
		Debug|Any CPU = Debug|Any CPU
		Release|Any CPU = Release|Any CPU
	EndGlobalSection
	GlobalSection(ProjectConfigurationPlatforms) = postSolution
		{8A064898-75BC-4006-B871-78CBA8C074F8}.Debug|Any CPU.ActiveCfg = Debug|Any CPU
		{8A064898-75BC-4006-B871-78CBA8C074F8}.Debug|Any CPU.Build.0 = Debug|Any CPU
		{8A064898-75BC-4006-B871-78CBA8C074F8}.Release|Any CPU.ActiveCfg = Release|Any CPU
		{8A064898-75BC-4006-B871-78CBA8C074F8}.Release|Any CPU.Build.0 = Release|Any CPU
	EndGlobalSection
	GlobalSection(SolutionProperties) = preSolution
		HideSolutionNode = FALSE
	EndGlobalSection
	GlobalSection(ExtensibilityGlobals) = postSolution
		SolutionGuid = {020EE29A-5565-4489-8BED-DF21CB6AC529}
	EndGlobalSection
EndGlobal
